
Microsoft Visual Studio Solution File, Format Version 12.00
# Visual Studio Version 17
VisualStudioVersion = 17.14.36221.1 d17.14
MinimumVisualStudioVersion = 10.0.40219.1
Project("{FAE04EC0-301F-11D3-BF4B-00C04F79EFBC}") = "Gestor para caja", "Gestor para caja.csproj", "{D945A7DE-D31B-451E-A5CA-79D7444811CE}"
EndProject
Global
	GlobalSection(SolutionConfigurationPlatforms) = preSolution
		Debug|Any CPU = Debug|Any CPU
		Release|Any CPU = Release|Any CPU
	EndGlobalSection
	GlobalSection(ProjectConfigurationPlatforms) = postSolution
		{D945A7DE-D31B-451E-A5CA-79D7444811CE}.Debug|Any CPU.ActiveCfg = Debug|Any CPU
		{D945A7DE-D31B-451E-A5CA-79D7444811CE}.Debug|Any CPU.Build.0 = Debug|Any CPU
		{D945A7DE-D31B-451E-A5CA-79D7444811CE}.Release|Any CPU.ActiveCfg = Release|Any CPU
		{D945A7DE-D31B-451E-A5CA-79D7444811CE}.Release|Any CPU.Build.0 = Release|Any CPU
	EndGlobalSection
	GlobalSection(SolutionProperties) = preSolution
		HideSolutionNode = FALSE
	EndGlobalSection
	GlobalSection(ExtensibilityGlobals) = postSolution
		SolutionGuid = {72DD2EF4-D2DC-4043-AC60-6DE71A6A7006}
	EndGlobalSection
EndGlobal
